
Microsoft Visual Studio Solution File, Format Version 12.00
# Visual Studio Version 16
VisualStudioVersion = 16.0.33529.622
MinimumVisualStudioVersion = 10.0.40219.1
Project("{FAE04EC0-301F-11D3-BF4B-00C04F79EFBC}") = "AviaMediator", "AviaMediator\AviaMediator.csproj", "{DB82A5BA-CBA0-42B9-B7DE-1129453D600D}"
EndProject
Global
	GlobalSection(SolutionConfigurationPlatforms) = preSolution
		Debug|Any CPU = Debug|Any CPU
		Release|Any CPU = Release|Any CPU
	EndGlobalSection
	GlobalSection(ProjectConfigurationPlatforms) = postSolution
		{DB82A5BA-CBA0-42B9-B7DE-1129453D600D}.Debug|Any CPU.ActiveCfg = Debug|Any CPU
		{DB82A5BA-CBA0-42B9-B7DE-1129453D600D}.Debug|Any CPU.Build.0 = Debug|Any CPU
		{DB82A5BA-CBA0-42B9-B7DE-1129453D600D}.Release|Any CPU.ActiveCfg = Release|Any CPU
		{DB82A5BA-CBA0-42B9-B7DE-1129453D600D}.Release|Any CPU.Build.0 = Release|Any CPU
	EndGlobalSection
	GlobalSection(SolutionProperties) = preSolution
		HideSolutionNode = FALSE
	EndGlobalSection
	GlobalSection(ExtensibilityGlobals) = postSolution
		SolutionGuid = {BA5F1AA4-ADE9-4FA1-8677-79A780D2C1BB}
	EndGlobalSection
EndGlobal
